
Microsoft Visual Studio Solution File, Format Version 12.00
# Visual Studio Version 17
VisualStudioVersion = 17.8.34511.84
MinimumVisualStudioVersion = 10.0.40219.1
Project("{FAE04EC0-301F-11D3-BF4B-00C04F79EFBC}") = "EmployeeManagement", "EmployeeManagement\EmployeeManagement.csproj", "{F8238A12-15CA-4367-9765-87078BE7AD8B}"
EndProject
Global
	GlobalSection(SolutionConfigurationPlatforms) = preSolution
		Debug|Any CPU = Debug|Any CPU
		Release|Any CPU = Release|Any CPU
	EndGlobalSection
	GlobalSection(ProjectConfigurationPlatforms) = postSolution
		{F8238A12-15CA-4367-9765-87078BE7AD8B}.Debug|Any CPU.ActiveCfg = Debug|Any CPU
		{F8238A12-15CA-4367-9765-87078BE7AD8B}.Debug|Any CPU.Build.0 = Debug|Any CPU
		{F8238A12-15CA-4367-9765-87078BE7AD8B}.Release|Any CPU.ActiveCfg = Release|Any CPU
		{F8238A12-15CA-4367-9765-87078BE7AD8B}.Release|Any CPU.Build.0 = Release|Any CPU
	EndGlobalSection
	GlobalSection(SolutionProperties) = preSolution
		HideSolutionNode = FALSE
	EndGlobalSection
	GlobalSection(ExtensibilityGlobals) = postSolution
		SolutionGuid = {527278CC-A3F7-4DAE-B167-FA8DF18A48BE}
	EndGlobalSection
EndGlobal
